// !$*UTF8*$!
{
	archiveVersion = 1;
	classes = {
	};
	objectVersion = 48;
	objects = {

/* Begin PBXBuildFile section */
		DBC94CAF1FCBA55800956719 /* main.cpp in Sources */ = {isa = PBXBuildFile; fileRef = DBC94CAE1FCBA55800956719 /* main.cpp */; };
		DBC94CB71FCBB1BA00956719 /* ForCyclePractice.cpp in Sources */ = {isa = PBXBuildFile; fileRef = DBC94CB51FCBB1BA00956719 /* ForCyclePractice.cpp */; };
		DBC94CBA1FCBBB6F00956719 /* LambdaPractice.cpp in Sources */ = {isa = PBXBuildFile; fileRef = DBC94CB81FCBBB6F00956719 /* LambdaPractice.cpp */; };
		DBC94CBD1FCBBF5100956719 /* RandPractice.cpp in Sources */ = {isa = PBXBuildFile; fileRef = DBC94CBB1FCBBF5100956719 /* RandPractice.cpp */; };
		DBC94CC01FCBC39F00956719 /* QuotePractice.cpp in Sources */ = {isa = PBXBuildFile; fileRef = DBC94CBE1FCBC39F00956719 /* QuotePractice.cpp */; };
/* End PBXBuildFile section */

/* Begin PBXCopyFilesBuildPhase section */
		DBC94CA91FCBA55800956719 /* CopyFiles */ = {
			isa = PBXCopyFilesBuildPhase;
			buildActionMask = 2147483647;
			dstPath = /usr/share/man/man1/;
			dstSubfolderSpec = 0;
			files = (
			);
			runOnlyForDeploymentPostprocessing = 1;
		};
/* End PBXCopyFilesBuildPhase section */

/* Begin PBXFileReference section */
		DBC94CAB1FCBA55800956719 /* ZPZBasicUse */ = {isa = PBXFileReference; explicitFileType = "compiled.mach-o.executable"; includeInIndex = 0; path = ZPZBasicUse; sourceTree = BUILT_PRODUCTS_DIR; };
		DBC94CAE1FCBA55800956719 /* main.cpp */ = {isa = PBXFileReference; lastKnownFileType = sourcecode.cpp.cpp; path = main.cpp; sourceTree = "<group>"; };
		DBC94CB51FCBB1BA00956719 /* ForCyclePractice.cpp */ = {isa = PBXFileReference; lastKnownFileType = sourcecode.cpp.cpp; path = ForCyclePractice.cpp; sourceTree = "<group>"; };
		DBC94CB61FCBB1BA00956719 /* ForCyclePractice.hpp */ = {isa = PBXFileReference; lastKnownFileType = sourcecode.cpp.h; path = ForCyclePractice.hpp; sourceTree = "<group>"; };
		DBC94CB81FCBBB6F00956719 /* LambdaPractice.cpp */ = {isa = PBXFileReference; lastKnownFileType = sourcecode.cpp.cpp; path = LambdaPractice.cpp; sourceTree = "<group>"; };
		DBC94CB91FCBBB6F00956719 /* LambdaPractice.hpp */ = {isa = PBXFileReference; lastKnownFileType = sourcecode.cpp.h; path = LambdaPractice.hpp; sourceTree = "<group>"; };
		DBC94CBB1FCBBF5100956719 /* RandPractice.cpp */ = {isa = PBXFileReference; lastKnownFileType = sourcecode.cpp.cpp; path = RandPractice.cpp; sourceTree = "<group>"; };
		DBC94CBC1FCBBF5100956719 /* RandPractice.hpp */ = {isa = PBXFileReference; lastKnownFileType = sourcecode.cpp.h; path = RandPractice.hpp; sourceTree = "<group>"; };
		DBC94CBE1FCBC39F00956719 /* QuotePractice.cpp */ = {isa = PBXFileReference; lastKnownFileType = sourcecode.cpp.cpp; path = QuotePractice.cpp; sourceTree = "<group>"; };
		DBC94CBF1FCBC39F00956719 /* QuotePractice.hpp */ = {isa = PBXFileReference; lastKnownFileType = sourcecode.cpp.h; path = QuotePractice.hpp; sourceTree = "<group>"; };
/* End PBXFileReference section */

/* Begin PBXFrameworksBuildPhase section */
		DBC94CA81FCBA55800956719 /* Frameworks */ = {
			isa = PBXFrameworksBuildPhase;
			buildActionMask = 2147483647;
			files = (
			);
			runOnlyForDeploymentPostprocessing = 0;
		};
/* End PBXFrameworksBuildPhase section */

/* Begin PBXGroup section */
		DBC94CA21FCBA55700956719 = {
			isa = PBXGroup;
			children = (
				DBC94CAD1FCBA55800956719 /* ZPZBasicUse */,
				DBC94CAC1FCBA55800956719 /* Products */,
			);
			sourceTree = "<group>";
		};
		DBC94CAC1FCBA55800956719 /* Products */ = {
			isa = PBXGroup;
			children = (
				DBC94CAB1FCBA55800956719 /* ZPZBasicUse */,
			);
			name = Products;
			sourceTree = "<group>";
		};
		DBC94CAD1FCBA55800956719 /* ZPZBasicUse */ = {
			isa = PBXGroup;
			children = (
				DBC94CAE1FCBA55800956719 /* main.cpp */,
				DBC94CBE1FCBC39F00956719 /* QuotePractice.cpp */,
				DBC94CBF1FCBC39F00956719 /* QuotePractice.hpp */,
				DBC94CBB1FCBBF5100956719 /* RandPractice.cpp */,
				DBC94CBC1FCBBF5100956719 /* RandPractice.hpp */,
				DBC94CB81FCBBB6F00956719 /* LambdaPractice.cpp */,
				DBC94CB91FCBBB6F00956719 /* LambdaPractice.hpp */,
				DBC94CB51FCBB1BA00956719 /* ForCyclePractice.cpp */,
				DBC94CB61FCBB1BA00956719 /* ForCyclePractice.hpp */,
			);
			path = ZPZBasicUse;
			sourceTree = "<group>";
		};
/* End PBXGroup section */

/* Begin PBXNativeTarget section */
		DBC94CAA1FCBA55800956719 /* ZPZBasicUse */ = {
			isa = PBXNativeTarget;
			buildConfigurationList = DBC94CB21FCBA55800956719 /* Build configuration list for PBXNativeTarget "ZPZBasicUse" */;
			buildPhases = (
				DBC94CA71FCBA55800956719 /* Sources */,
				DBC94CA81FCBA55800956719 /* Frameworks */,
				DBC94CA91FCBA55800956719 /* CopyFiles */,
			);
			buildRules = (
			);
			dependencies = (
			);
			name = ZPZBasicUse;
			productName = ZPZBasicUse;
			productReference = DBC94CAB1FCBA55800956719 /* ZPZBasicUse */;
			productType = "com.apple.product-type.tool";
		};
/* End PBXNativeTarget section */

/* Begin PBXProject section */
		DBC94CA31FCBA55700956719 /* Project object */ = {
			isa = PBXProject;
			attributes = {
				LastUpgradeCheck = 0910;
				ORGANIZATIONNAME = zhoupengzu;
				TargetAttributes = {
					DBC94CAA1FCBA55800956719 = {
						CreatedOnToolsVersion = 9.1;
						ProvisioningStyle = Automatic;
					};
				};
			};
			buildConfigurationList = DBC94CA61FCBA55700956719 /* Build configuration list for PBXProject "ZPZBasicUse" */;
			compatibilityVersion = "Xcode 8.0";
			developmentRegion = en;
			hasScannedForEncodings = 0;
			knownRegions = (
				en,
			);
			mainGroup = DBC94CA21FCBA55700956719;
			productRefGroup = DBC94CAC1FCBA55800956719 /* Products */;
			projectDirPath = "";
			projectRoot = "";
			targets = (
				DBC94CAA1FCBA55800956719 /* ZPZBasicUse */,
			);
		};
/* End PBXProject section */

/* Begin PBXSourcesBuildPhase section */
		DBC94CA71FCBA55800956719 /* Sources */ = {
			isa = PBXSourcesBuildPhase;
			buildActionMask = 2147483647;
			files = (
				DBC94CC01FCBC39F00956719 /* QuotePractice.cpp in Sources */,
				DBC94CAF1FCBA55800956719 /* main.cpp in Sources */,
				DBC94CBD1FCBBF5100956719 /* RandPractice.cpp in Sources */,
				DBC94CB71FCBB1BA00956719 /* ForCyclePractice.cpp in Sources */,
				DBC94CBA1FCBBB6F00956719 /* LambdaPractice.cpp in Sources */,
			);
			runOnlyForDeploymentPostprocessing = 0;
		};
/* End PBXSourcesBuildPhase section */

/* Begin XCBuildConfiguration section */
		DBC94CB01FCBA55800956719 /* Debug */ = {
			isa = XCBuildConfiguration;
			buildSettings = {
				ALWAYS_SEARCH_USER_PATHS = NO;
				CLANG_ANALYZER_NONNULL = YES;
				CLANG_ANALYZER_NUMBER_OBJECT_CONVERSION = YES_AGGRESSIVE;
				CLANG_CXX_LANGUAGE_STANDARD = "gnu++14";
				CLANG_CXX_LIBRARY = "libc++";
				CLANG_ENABLE_MODULES = YES;
				CLANG_ENABLE_OBJC_ARC = YES;
				CLANG_WARN_BLOCK_CAPTURE_AUTORELEASING = YES;
				CLANG_WARN_BOOL_CONVERSION = YES;
				CLANG_WARN_COMMA = YES;
				CLANG_WARN_CONSTANT_CONVERSION = YES;
				CLANG_WARN_DIRECT_OBJC_ISA_USAGE = YES_ERROR;
				CLANG_WARN_DOCUMENTATION_COMMENTS = YES;
				CLANG_WARN_EMPTY_BODY = YES;
				CLANG_WARN_ENUM_CONVERSION = YES;
				CLANG_WARN_INFINITE_RECURSION = YES;
				CLANG_WARN_INT_CONVERSION = YES;
				CLANG_WARN_NON_LITERAL_NULL_CONVERSION = YES;
				CLANG_WARN_OBJC_LITERAL_CONVERSION = YES;
				CLANG_WARN_OBJC_ROOT_CLASS = YES_ERROR;
				CLANG_WARN_RANGE_LOOP_ANALYSIS = YES;
				CLANG_WARN_STRICT_PROTOTYPES = YES;
				CLANG_WARN_SUSPICIOUS_MOVE = YES;
				CLANG_WARN_UNGUARDED_AVAILABILITY = YES_AGGRESSIVE;
				CLANG_WARN_UNREACHABLE_CODE = YES;
				CLANG_WARN__DUPLICATE_METHOD_MATCH = YES;
				CODE_SIGN_IDENTITY = "Mac Developer";
				COPY_PHASE_STRIP = NO;
				DEBUG_INFORMATION_FORMAT = dwarf;
				ENABLE_STRICT_OBJC_MSGSEND = YES;
				ENABLE_TESTABILITY = YES;
				GCC_C_LANGUAGE_STANDARD = gnu11;
				GCC_DYNAMIC_NO_PIC = NO;
				GCC_NO_COMMON_BLOCKS = YES;
				GCC_OPTIMIZATION_LEVEL = 0;
				GCC_PREPROCESSOR_DEFINITIONS = (
					"DEBUG=1",
					"$(inherited)",
				);
				GCC_WARN_64_TO_32_BIT_CONVERSION = YES;
				GCC_WARN_ABOUT_RETURN_TYPE = YES_ERROR;
				GCC_WARN_UNDECLARED_SELECTOR = YES;
				GCC_WARN_UNINITIALIZED_AUTOS = YES_AGGRESSIVE;
				GCC_WARN_UNUSED_FUNCTION = YES;
				GCC_WARN_UNUSED_VARIABLE = YES;
				MACOSX_DEPLOYMENT_TARGET = 10.13;
				MTL_ENABLE_DEBUG_INFO = YES;
				ONLY_ACTIVE_ARCH = YES;
				SDKROOT = macosx;
			};
			name = Debug;
		};
		DBC94CB11FCBA55800956719 /* Release */ = {
			isa = XCBuildConfiguration;
			buildSettings = {
				ALWAYS_SEARCH_USER_PATHS = NO;
				CLANG_ANALYZER_NONNULL = YES;
				CLANG_ANALYZER_NUMBER_OBJECT_CONVERSION = YES_AGGRESSIVE;
				CLANG_CXX_LANGUAGE_STANDARD = "gnu++14";
				CLANG_CXX_LIBRARY = "libc++";
				CLANG_ENABLE_MODULES = YES;
				CLANG_ENABLE_OBJC_ARC = YES;
				CLANG_WARN_BLOCK_CAPTURE_AUTORELEASING = YES;
				CLANG_WARN_BOOL_CONVERSION = YES;
				CLANG_WARN_COMMA = YES;
				CLANG_WARN_CONSTANT_CONVERSION = YES;
				CLANG_WARN_DIRECT_OBJC_ISA_USAGE = YES_ERROR;
				CLANG_WARN_DOCUMENTATION_COMMENTS = YES;
				CLANG_WARN_EMPTY_BODY = YES;
				CLANG_WARN_ENUM_CONVERSION = YES;
				CLANG_WARN_INFINITE_RECURSION = YES;
				CLANG_WARN_INT_CONVERSION = YES;
				CLANG_WARN_NON_LITERAL_NULL_CONVERSION = YES;
				CLANG_WARN_OBJC_LITERAL_CONVERSION = YES;
				CLANG_WARN_OBJC_ROOT_CLASS = YES_ERROR;
				CLANG_WARN_RANGE_LOOP_ANALYSIS = YES;
				CLANG_WARN_STRICT_PROTOTYPES = YES;
				CLANG_WARN_SUSPICIOUS_MOVE = YES;
				CLANG_WARN_UNGUARDED_AVAILABILITY = YES_AGGRESSIVE;
				CLANG_WARN_UNREACHABLE_CODE = YES;
				CLANG_WARN__DUPLICATE_METHOD_MATCH = YES;
				CODE_SIGN_IDENTITY = "Mac Developer";
				COPY_PHASE_STRIP = NO;
				DEBUG_INFORMATION_FORMAT = "dwarf-with-dsym";
				ENABLE_NS_ASSERTIONS = NO;
				ENABLE_STRICT_OBJC_MSGSEND = YES;
				GCC_C_LANGUAGE_STANDARD = gnu11;
				GCC_NO_COMMON_BLOCKS = YES;
				GCC_WARN_64_TO_32_BIT_CONVERSION = YES;
				GCC_WARN_ABOUT_RETURN_TYPE = YES_ERROR;
				GCC_WARN_UNDECLARED_SELECTOR = YES;
				GCC_WARN_UNINITIALIZED_AUTOS = YES_AGGRESSIVE;
				GCC_WARN_UNUSED_FUNCTION = YES;
				GCC_WARN_UNUSED_VARIABLE = YES;
				MACOSX_DEPLOYMENT_TARGET = 10.13;
				MTL_ENABLE_DEBUG_INFO = NO;
				SDKROOT = macosx;
			};
			name = Release;
		};
		DBC94CB31FCBA55800956719 /* Debug */ = {
			isa = XCBuildConfiguration;
			buildSettings = {
				CODE_SIGN_STYLE = Automatic;
				DEVELOPMENT_TEAM = 9XTQKWEYF3;
				PRODUCT_NAME = "$(TARGET_NAME)";
			};
			name = Debug;
		};
		DBC94CB41FCBA55800956719 /* Release */ = {
			isa = XCBuildConfiguration;
			buildSettings = {
				CODE_SIGN_STYLE = Automatic;
				DEVELOPMENT_TEAM = 9XTQKWEYF3;
				PRODUCT_NAME = "$(TARGET_NAME)";
			};
			name = Release;
		};
/* End XCBuildConfiguration section */

/* Begin XCConfigurationList section */
		DBC94CA61FCBA55700956719 /* Build configuration list for PBXProject "ZPZBasicUse" */ = {
			isa = XCConfigurationList;
			buildConfigurations = (
				DBC94CB01FCBA55800956719 /* Debug */,
				DBC94CB11FCBA55800956719 /* Release */,
			);
			defaultConfigurationIsVisible = 0;
			defaultConfigurationName = Release;
		};
		DBC94CB21FCBA55800956719 /* Build configuration list for PBXNativeTarget "ZPZBasicUse" */ = {
			isa = XCConfigurationList;
			buildConfigurations = (
				DBC94CB31FCBA55800956719 /* Debug */,
				DBC94CB41FCBA55800956719 /* Release */,
			);
			defaultConfigurationIsVisible = 0;
			defaultConfigurationName = Release;
		};
/* End XCConfigurationList section */
	};
	rootObject = DBC94CA31FCBA55700956719 /* Project object */;
}
